
Microsoft Visual Studio Solution File, Format Version 12.00
# Visual Studio 15
VisualStudioVersion = 15.0.27130.2010
MinimumVisualStudioVersion = 10.0.40219.1
Project("{FAE04EC0-301F-11D3-BF4B-00C04F79EFBC}") = "KavLachayim.Android", "KavLachayim\KavLachayim.Android\KavLachayim.Android.csproj", "{E1E61E99-0540-4AA3-B6DD-E454BEBB8585}"
EndProject
Project("{FAE04EC0-301F-11D3-BF4B-00C04F79EFBC}") = "KavLachayim.UWP", "KavLachayim\KavLachayim.UWP\KavLachayim.UWP.csproj", "{69ABF76E-0A1A-4511-BBED-DD292D3C8E5E}"
EndProject
Project("{FAE04EC0-301F-11D3-BF4B-00C04F79EFBC}") = "KavLachayim.iOS", "KavLachayim\KavLachayim.iOS\KavLachayim.iOS.csproj", "{4D47A9AF-DA81-448F-B38A-2D95EAF0943A}"
EndProject
Project("{9A19103F-16F7-4668-BE54-9A1E7A4F7556}") = "KavLachayim", "KavLachayim\KavLachayim\KavLachayim.csproj", "{A74F8A6C-9D15-49A0-ABF8-0B105BECBD5E}"
EndProject
Global
	GlobalSection(SolutionConfigurationPlatforms) = preSolution
		Ad-Hoc|Any CPU = Ad-Hoc|Any CPU
		Ad-Hoc|ARM = Ad-Hoc|ARM
		Ad-Hoc|iPhone = Ad-Hoc|iPhone
		Ad-Hoc|iPhoneSimulator = Ad-Hoc|iPhoneSimulator
		Ad-Hoc|x64 = Ad-Hoc|x64
		Ad-Hoc|x86 = Ad-Hoc|x86
		AppStore|Any CPU = AppStore|Any CPU
		AppStore|ARM = AppStore|ARM
		AppStore|iPhone = AppStore|iPhone
		AppStore|iPhoneSimulator = AppStore|iPhoneSimulator
		AppStore|x64 = AppStore|x64
		AppStore|x86 = AppStore|x86
		Debug|Any CPU = Debug|Any CPU
		Debug|ARM = Debug|ARM
		Debug|iPhone = Debug|iPhone
		Debug|iPhoneSimulator = Debug|iPhoneSimulator
		Debug|x64 = Debug|x64
		Debug|x86 = Debug|x86
		Release|Any CPU = Release|Any CPU
		Release|ARM = Release|ARM
		Release|iPhone = Release|iPhone
		Release|iPhoneSimulator = Release|iPhoneSimulator
		Release|x64 = Release|x64
		Release|x86 = Release|x86
	EndGlobalSection
	GlobalSection(ProjectConfigurationPlatforms) = postSolution
		{E1E61E99-0540-4AA3-B6DD-E454BEBB8585}.Ad-Hoc|Any CPU.ActiveCfg = Release|Any CPU
		{E1E61E99-0540-4AA3-B6DD-E454BEBB8585}.Ad-Hoc|Any CPU.Build.0 = Release|Any CPU
		{E1E61E99-0540-4AA3-B6DD-E454BEBB8585}.Ad-Hoc|Any CPU.Deploy.0 = Release|Any CPU
		{E1E61E99-0540-4AA3-B6DD-E454BEBB8585}.Ad-Hoc|ARM.ActiveCfg = Release|Any CPU
		{E1E61E99-0540-4AA3-B6DD-E454BEBB8585}.Ad-Hoc|ARM.Build.0 = Release|Any CPU
		{E1E61E99-0540-4AA3-B6DD-E454BEBB8585}.Ad-Hoc|ARM.Deploy.0 = Release|Any CPU
		{E1E61E99-0540-4AA3-B6DD-E454BEBB8585}.Ad-Hoc|iPhone.ActiveCfg = Release|Any CPU
		{E1E61E99-0540-4AA3-B6DD-E454BEBB8585}.Ad-Hoc|iPhone.Build.0 = Release|Any CPU
		{E1E61E99-0540-4AA3-B6DD-E454BEBB8585}.Ad-Hoc|iPhone.Deploy.0 = Release|Any CPU
		{E1E61E99-0540-4AA3-B6DD-E454BEBB8585}.Ad-Hoc|iPhoneSimulator.ActiveCfg = Release|Any CPU
		{E1E61E99-0540-4AA3-B6DD-E454BEBB8585}.Ad-Hoc|iPhoneSimulator.Build.0 = Release|Any CPU
		{E1E61E99-0540-4AA3-B6DD-E454BEBB8585}.Ad-Hoc|iPhoneSimulator.Deploy.0 = Release|Any CPU
		{E1E61E99-0540-4AA3-B6DD-E454BEBB8585}.Ad-Hoc|x64.ActiveCfg = Release|Any CPU
		{E1E61E99-0540-4AA3-B6DD-E454BEBB8585}.Ad-Hoc|x64.Build.0 = Release|Any CPU
		{E1E61E99-0540-4AA3-B6DD-E454BEBB8585}.Ad-Hoc|x64.Deploy.0 = Release|Any CPU
		{E1E61E99-0540-4AA3-B6DD-E454BEBB8585}.Ad-Hoc|x86.ActiveCfg = Release|Any CPU
		{E1E61E99-0540-4AA3-B6DD-E454BEBB8585}.Ad-Hoc|x86.Build.0 = Release|Any CPU
		{E1E61E99-0540-4AA3-B6DD-E454BEBB8585}.Ad-Hoc|x86.Deploy.0 = Release|Any CPU
		{E1E61E99-0540-4AA3-B6DD-E454BEBB8585}.AppStore|Any CPU.ActiveCfg = Release|Any CPU
		{E1E61E99-0540-4AA3-B6DD-E454BEBB8585}.AppStore|Any CPU.Build.0 = Release|Any CPU
		{E1E61E99-0540-4AA3-B6DD-E454BEBB8585}.AppStore|Any CPU.Deploy.0 = Release|Any CPU
		{E1E61E99-0540-4AA3-B6DD-E454BEBB8585}.AppStore|ARM.ActiveCfg = Release|Any CPU
		{E1E61E99-0540-4AA3-B6DD-E454BEBB8585}.AppStore|ARM.Build.0 = Release|Any CPU
		{E1E61E99-0540-4AA3-B6DD-E454BEBB8585}.AppStore|ARM.Deploy.0 = Release|Any CPU
		{E1E61E99-0540-4AA3-B6DD-E454BEBB8585}.AppStore|iPhone.ActiveCfg = Release|Any CPU
		{E1E61E99-0540-4AA3-B6DD-E454BEBB8585}.AppStore|iPhone.Build.0 = Release|Any CPU
		{E1E61E99-0540-4AA3-B6DD-E454BEBB8585}.AppStore|iPhone.Deploy.0 = Release|Any CPU
		{E1E61E99-0540-4AA3-B6DD-E454BEBB8585}.AppStore|iPhoneSimulator.ActiveCfg = Release|Any CPU
		{E1E61E99-0540-4AA3-B6DD-E454BEBB8585}.AppStore|iPhoneSimulator.Build.0 = Release|Any CPU
		{E1E61E99-0540-4AA3-B6DD-E454BEBB8585}.AppStore|iPhoneSimulator.Deploy.0 = Release|Any CPU
		{E1E61E99-0540-4AA3-B6DD-E454BEBB8585}.AppStore|x64.ActiveCfg = Release|Any CPU
		{E1E61E99-0540-4AA3-B6DD-E454BEBB8585}.AppStore|x64.Build.0 = Release|Any CPU
		{E1E61E99-0540-4AA3-B6DD-E454BEBB8585}.AppStore|x64.Deploy.0 = Release|Any CPU
		{E1E61E99-0540-4AA3-B6DD-E454BEBB8585}.AppStore|x86.ActiveCfg = Release|Any CPU
		{E1E61E99-0540-4AA3-B6DD-E454BEBB8585}.AppStore|x86.Build.0 = Release|Any CPU
		{E1E61E99-0540-4AA3-B6DD-E454BEBB8585}.AppStore|x86.Deploy.0 = Release|Any CPU
		{E1E61E99-0540-4AA3-B6DD-E454BEBB8585}.Debug|Any CPU.ActiveCfg = Debug|Any CPU
		{E1E61E99-0540-4AA3-B6DD-E454BEBB8585}.Debug|Any CPU.Build.0 = Debug|Any CPU
		{E1E61E99-0540-4AA3-B6DD-E454BEBB8585}.Debug|Any CPU.Deploy.0 = Debug|Any CPU
		{E1E61E99-0540-4AA3-B6DD-E454BEBB8585}.Debug|ARM.ActiveCfg = Debug|Any CPU
		{E1E61E99-0540-4AA3-B6DD-E454BEBB8585}.Debug|ARM.Build.0 = Debug|Any CPU
		{E1E61E99-0540-4AA3-B6DD-E454BEBB8585}.Debug|ARM.Deploy.0 = Debug|Any CPU
		{E1E61E99-0540-4AA3-B6DD-E454BEBB8585}.Debug|iPhone.ActiveCfg = Debug|Any CPU
		{E1E61E99-0540-4AA3-B6DD-E454BEBB8585}.Debug|iPhone.Build.0 = Debug|Any CPU
		{E1E61E99-0540-4AA3-B6DD-E454BEBB8585}.Debug|iPhone.Deploy.0 = Debug|Any CPU
		{E1E61E99-0540-4AA3-B6DD-E454BEBB8585}.Debug|iPhoneSimulator.ActiveCfg = Debug|Any CPU
		{E1E61E99-0540-4AA3-B6DD-E454BEBB8585}.Debug|iPhoneSimulator.Build.0 = Debug|Any CPU
		{E1E61E99-0540-4AA3-B6DD-E454BEBB8585}.Debug|iPhoneSimulator.Deploy.0 = Debug|Any CPU
		{E1E61E99-0540-4AA3-B6DD-E454BEBB8585}.Debug|x64.ActiveCfg = Debug|Any CPU
		{E1E61E99-0540-4AA3-B6DD-E454BEBB8585}.Debug|x64.Build.0 = Debug|Any CPU
		{E1E61E99-0540-4AA3-B6DD-E454BEBB8585}.Debug|x64.Deploy.0 = Debug|Any CPU
		{E1E61E99-0540-4AA3-B6DD-E454BEBB8585}.Debug|x86.ActiveCfg = Debug|Any CPU
		{E1E61E99-0540-4AA3-B6DD-E454BEBB8585}.Debug|x86.Build.0 = Debug|Any CPU
		{E1E61E99-0540-4AA3-B6DD-E454BEBB8585}.Debug|x86.Deploy.0 = Debug|Any CPU
		{E1E61E99-0540-4AA3-B6DD-E454BEBB8585}.Release|Any CPU.ActiveCfg = Release|Any CPU
		{E1E61E99-0540-4AA3-B6DD-E454BEBB8585}.Release|Any CPU.Build.0 = Release|Any CPU
		{E1E61E99-0540-4AA3-B6DD-E454BEBB8585}.Release|Any CPU.Deploy.0 = Release|Any CPU
		{E1E61E99-0540-4AA3-B6DD-E454BEBB8585}.Release|ARM.ActiveCfg = Release|Any CPU
		{E1E61E99-0540-4AA3-B6DD-E454BEBB8585}.Release|ARM.Build.0 = Release|Any CPU
		{E1E61E99-0540-4AA3-B6DD-E454BEBB8585}.Release|ARM.Deploy.0 = Release|Any CPU
		{E1E61E99-0540-4AA3-B6DD-E454BEBB8585}.Release|iPhone.ActiveCfg = Release|Any CPU
		{E1E61E99-0540-4AA3-B6DD-E454BEBB8585}.Release|iPhone.Build.0 = Release|Any CPU
		{E1E61E99-0540-4AA3-B6DD-E454BEBB8585}.Release|iPhone.Deploy.0 = Release|Any CPU
		{E1E61E99-0540-4AA3-B6DD-E454BEBB8585}.Release|iPhoneSimulator.ActiveCfg = Release|Any CPU
		{E1E61E99-0540-4AA3-B6DD-E454BEBB8585}.Release|iPhoneSimulator.Build.0 = Release|Any CPU
		{E1E61E99-0540-4AA3-B6DD-E454BEBB8585}.Release|iPhoneSimulator.Deploy.0 = Release|Any CPU
		{E1E61E99-0540-4AA3-B6DD-E454BEBB8585}.Release|x64.ActiveCfg = Release|Any CPU
		{E1E61E99-0540-4AA3-B6DD-E454BEBB8585}.Release|x64.Build.0 = Release|Any CPU
		{E1E61E99-0540-4AA3-B6DD-E454BEBB8585}.Release|x64.Deploy.0 = Release|Any CPU
		{E1E61E99-0540-4AA3-B6DD-E454BEBB8585}.Release|x86.ActiveCfg = Release|Any CPU
		{E1E61E99-0540-4AA3-B6DD-E454BEBB8585}.Release|x86.Build.0 = Release|Any CPU
		{E1E61E99-0540-4AA3-B6DD-E454BEBB8585}.Release|x86.Deploy.0 = Release|Any CPU
		{69ABF76E-0A1A-4511-BBED-DD292D3C8E5E}.Ad-Hoc|Any CPU.ActiveCfg = Release|x86
		{69ABF76E-0A1A-4511-BBED-DD292D3C8E5E}.Ad-Hoc|Any CPU.Build.0 = Release|x86
		{69ABF76E-0A1A-4511-BBED-DD292D3C8E5E}.Ad-Hoc|Any CPU.Deploy.0 = Release|x86
		{69ABF76E-0A1A-4511-BBED-DD292D3C8E5E}.Ad-Hoc|ARM.ActiveCfg = Release|ARM
		{69ABF76E-0A1A-4511-BBED-DD292D3C8E5E}.Ad-Hoc|ARM.Build.0 = Release|ARM
		{69ABF76E-0A1A-4511-BBED-DD292D3C8E5E}.Ad-Hoc|ARM.Deploy.0 = Release|ARM
		{69ABF76E-0A1A-4511-BBED-DD292D3C8E5E}.Ad-Hoc|iPhone.ActiveCfg = Release|x86
		{69ABF76E-0A1A-4511-BBED-DD292D3C8E5E}.Ad-Hoc|iPhone.Build.0 = Release|x86
		{69ABF76E-0A1A-4511-BBED-DD292D3C8E5E}.Ad-Hoc|iPhone.Deploy.0 = Release|x86
		{69ABF76E-0A1A-4511-BBED-DD292D3C8E5E}.Ad-Hoc|iPhoneSimulator.ActiveCfg = Release|x86
		{69ABF76E-0A1A-4511-BBED-DD292D3C8E5E}.Ad-Hoc|iPhoneSimulator.Build.0 = Release|x86
		{69ABF76E-0A1A-4511-BBED-DD292D3C8E5E}.Ad-Hoc|iPhoneSimulator.Deploy.0 = Release|x86
		{69ABF76E-0A1A-4511-BBED-DD292D3C8E5E}.Ad-Hoc|x64.ActiveCfg = Release|x64
		{69ABF76E-0A1A-4511-BBED-DD292D3C8E5E}.Ad-Hoc|x64.Build.0 = Release|x64
		{69ABF76E-0A1A-4511-BBED-DD292D3C8E5E}.Ad-Hoc|x64.Deploy.0 = Release|x64
		{69ABF76E-0A1A-4511-BBED-DD292D3C8E5E}.Ad-Hoc|x86.ActiveCfg = Release|x86
		{69ABF76E-0A1A-4511-BBED-DD292D3C8E5E}.Ad-Hoc|x86.Build.0 = Release|x86
		{69ABF76E-0A1A-4511-BBED-DD292D3C8E5E}.Ad-Hoc|x86.Deploy.0 = Release|x86
		{69ABF76E-0A1A-4511-BBED-DD292D3C8E5E}.AppStore|Any CPU.ActiveCfg = Release|x86
		{69ABF76E-0A1A-4511-BBED-DD292D3C8E5E}.AppStore|Any CPU.Build.0 = Release|x86
		{69ABF76E-0A1A-4511-BBED-DD292D3C8E5E}.AppStore|Any CPU.Deploy.0 = Release|x86
		{69ABF76E-0A1A-4511-BBED-DD292D3C8E5E}.AppStore|ARM.ActiveCfg = Release|ARM
		{69ABF76E-0A1A-4511-BBED-DD292D3C8E5E}.AppStore|ARM.Build.0 = Release|ARM
		{69ABF76E-0A1A-4511-BBED-DD292D3C8E5E}.AppStore|ARM.Deploy.0 = Release|ARM
		{69ABF76E-0A1A-4511-BBED-DD292D3C8E5E}.AppStore|iPhone.ActiveCfg = Release|x86
		{69ABF76E-0A1A-4511-BBED-DD292D3C8E5E}.AppStore|iPhone.Build.0 = Release|x86
		{69ABF76E-0A1A-4511-BBED-DD292D3C8E5E}.AppStore|iPhone.Deploy.0 = Release|x86
		{69ABF76E-0A1A-4511-BBED-DD292D3C8E5E}.AppStore|iPhoneSimulator.ActiveCfg = Release|x86
		{69ABF76E-0A1A-4511-BBED-DD292D3C8E5E}.AppStore|iPhoneSimulator.Build.0 = Release|x86
		{69ABF76E-0A1A-4511-BBED-DD292D3C8E5E}.AppStore|iPhoneSimulator.Deploy.0 = Release|x86
		{69ABF76E-0A1A-4511-BBED-DD292D3C8E5E}.AppStore|x64.ActiveCfg = Release|x64
		{69ABF76E-0A1A-4511-BBED-DD292D3C8E5E}.AppStore|x64.Build.0 = Release|x64
		{69ABF76E-0A1A-4511-BBED-DD292D3C8E5E}.AppStore|x64.Deploy.0 = Release|x64
		{69ABF76E-0A1A-4511-BBED-DD292D3C8E5E}.AppStore|x86.ActiveCfg = Release|x86
		{69ABF76E-0A1A-4511-BBED-DD292D3C8E5E}.AppStore|x86.Build.0 = Release|x86
		{69ABF76E-0A1A-4511-BBED-DD292D3C8E5E}.AppStore|x86.Deploy.0 = Release|x86
		{69ABF76E-0A1A-4511-BBED-DD292D3C8E5E}.Debug|Any CPU.ActiveCfg = Debug|x86
		{69ABF76E-0A1A-4511-BBED-DD292D3C8E5E}.Debug|ARM.ActiveCfg = Debug|ARM
		{69ABF76E-0A1A-4511-BBED-DD292D3C8E5E}.Debug|ARM.Build.0 = Debug|ARM
		{69ABF76E-0A1A-4511-BBED-DD292D3C8E5E}.Debug|ARM.Deploy.0 = Debug|ARM
		{69ABF76E-0A1A-4511-BBED-DD292D3C8E5E}.Debug|iPhone.ActiveCfg = Debug|x86
		{69ABF76E-0A1A-4511-BBED-DD292D3C8E5E}.Debug|iPhoneSimulator.ActiveCfg = Debug|x86
		{69ABF76E-0A1A-4511-BBED-DD292D3C8E5E}.Debug|x64.ActiveCfg = Debug|x64
		{69ABF76E-0A1A-4511-BBED-DD292D3C8E5E}.Debug|x64.Build.0 = Debug|x64
		{69ABF76E-0A1A-4511-BBED-DD292D3C8E5E}.Debug|x64.Deploy.0 = Debug|x64
		{69ABF76E-0A1A-4511-BBED-DD292D3C8E5E}.Debug|x86.ActiveCfg = Debug|x86
		{69ABF76E-0A1A-4511-BBED-DD292D3C8E5E}.Debug|x86.Build.0 = Debug|x86
		{69ABF76E-0A1A-4511-BBED-DD292D3C8E5E}.Debug|x86.Deploy.0 = Debug|x86
		{69ABF76E-0A1A-4511-BBED-DD292D3C8E5E}.Release|Any CPU.ActiveCfg = Release|x86
		{69ABF76E-0A1A-4511-BBED-DD292D3C8E5E}.Release|ARM.ActiveCfg = Release|ARM
		{69ABF76E-0A1A-4511-BBED-DD292D3C8E5E}.Release|ARM.Build.0 = Release|ARM
		{69ABF76E-0A1A-4511-BBED-DD292D3C8E5E}.Release|ARM.Deploy.0 = Release|ARM
		{69ABF76E-0A1A-4511-BBED-DD292D3C8E5E}.Release|iPhone.ActiveCfg = Release|x86
		{69ABF76E-0A1A-4511-BBED-DD292D3C8E5E}.Release|iPhoneSimulator.ActiveCfg = Release|x86
		{69ABF76E-0A1A-4511-BBED-DD292D3C8E5E}.Release|x64.ActiveCfg = Release|x64
		{69ABF76E-0A1A-4511-BBED-DD292D3C8E5E}.Release|x64.Build.0 = Release|x64
		{69ABF76E-0A1A-4511-BBED-DD292D3C8E5E}.Release|x64.Deploy.0 = Release|x64
		{69ABF76E-0A1A-4511-BBED-DD292D3C8E5E}.Release|x86.ActiveCfg = Release|x86
		{69ABF76E-0A1A-4511-BBED-DD292D3C8E5E}.Release|x86.Build.0 = Release|x86
		{69ABF76E-0A1A-4511-BBED-DD292D3C8E5E}.Release|x86.Deploy.0 = Release|x86
		{4D47A9AF-DA81-448F-B38A-2D95EAF0943A}.Ad-Hoc|Any CPU.ActiveCfg = Ad-Hoc|iPhone
		{4D47A9AF-DA81-448F-B38A-2D95EAF0943A}.Ad-Hoc|ARM.ActiveCfg = Ad-Hoc|iPhone
		{4D47A9AF-DA81-448F-B38A-2D95EAF0943A}.Ad-Hoc|iPhone.ActiveCfg = Ad-Hoc|iPhone
		{4D47A9AF-DA81-448F-B38A-2D95EAF0943A}.Ad-Hoc|iPhone.Build.0 = Ad-Hoc|iPhone
		{4D47A9AF-DA81-448F-B38A-2D95EAF0943A}.Ad-Hoc|iPhoneSimulator.ActiveCfg = Ad-Hoc|iPhoneSimulator
		{4D47A9AF-DA81-448F-B38A-2D95EAF0943A}.Ad-Hoc|iPhoneSimulator.Build.0 = Ad-Hoc|iPhoneSimulator
		{4D47A9AF-DA81-448F-B38A-2D95EAF0943A}.Ad-Hoc|x64.ActiveCfg = Ad-Hoc|iPhone
		{4D47A9AF-DA81-448F-B38A-2D95EAF0943A}.Ad-Hoc|x86.ActiveCfg = Ad-Hoc|iPhone
		{4D47A9AF-DA81-448F-B38A-2D95EAF0943A}.AppStore|Any CPU.ActiveCfg = AppStore|iPhone
		{4D47A9AF-DA81-448F-B38A-2D95EAF0943A}.AppStore|ARM.ActiveCfg = AppStore|iPhone
		{4D47A9AF-DA81-448F-B38A-2D95EAF0943A}.AppStore|iPhone.ActiveCfg = AppStore|iPhone
		{4D47A9AF-DA81-448F-B38A-2D95EAF0943A}.AppStore|iPhone.Build.0 = AppStore|iPhone
		{4D47A9AF-DA81-448F-B38A-2D95EAF0943A}.AppStore|iPhoneSimulator.ActiveCfg = AppStore|iPhoneSimulator
		{4D47A9AF-DA81-448F-B38A-2D95EAF0943A}.AppStore|iPhoneSimulator.Build.0 = AppStore|iPhoneSimulator
		{4D47A9AF-DA81-448F-B38A-2D95EAF0943A}.AppStore|x64.ActiveCfg = AppStore|iPhone
		{4D47A9AF-DA81-448F-B38A-2D95EAF0943A}.AppStore|x86.ActiveCfg = AppStore|iPhone
		{4D47A9AF-DA81-448F-B38A-2D95EAF0943A}.Debug|Any CPU.ActiveCfg = Debug|iPhone
		{4D47A9AF-DA81-448F-B38A-2D95EAF0943A}.Debug|ARM.ActiveCfg = Debug|iPhone
		{4D47A9AF-DA81-448F-B38A-2D95EAF0943A}.Debug|iPhone.ActiveCfg = Debug|iPhone
		{4D47A9AF-DA81-448F-B38A-2D95EAF0943A}.Debug|iPhone.Build.0 = Debug|iPhone
		{4D47A9AF-DA81-448F-B38A-2D95EAF0943A}.Debug|iPhoneSimulator.ActiveCfg = Debug|iPhoneSimulator
		{4D47A9AF-DA81-448F-B38A-2D95EAF0943A}.Debug|iPhoneSimulator.Build.0 = Debug|iPhoneSimulator
		{4D47A9AF-DA81-448F-B38A-2D95EAF0943A}.Debug|x64.ActiveCfg = Debug|iPhone
		{4D47A9AF-DA81-448F-B38A-2D95EAF0943A}.Debug|x86.ActiveCfg = Debug|iPhone
		{4D47A9AF-DA81-448F-B38A-2D95EAF0943A}.Release|Any CPU.ActiveCfg = Release|iPhone
		{4D47A9AF-DA81-448F-B38A-2D95EAF0943A}.Release|ARM.ActiveCfg = Release|iPhone
		{4D47A9AF-DA81-448F-B38A-2D95EAF0943A}.Release|iPhone.ActiveCfg = Release|iPhone
		{4D47A9AF-DA81-448F-B38A-2D95EAF0943A}.Release|iPhone.Build.0 = Release|iPhone
		{4D47A9AF-DA81-448F-B38A-2D95EAF0943A}.Release|iPhoneSimulator.ActiveCfg = Release|iPhoneSimulator
		{4D47A9AF-DA81-448F-B38A-2D95EAF0943A}.Release|iPhoneSimulator.Build.0 = Release|iPhoneSimulator
		{4D47A9AF-DA81-448F-B38A-2D95EAF0943A}.Release|x64.ActiveCfg = Release|iPhone
		{4D47A9AF-DA81-448F-B38A-2D95EAF0943A}.Release|x86.ActiveCfg = Release|iPhone
		{A74F8A6C-9D15-49A0-ABF8-0B105BECBD5E}.Ad-Hoc|Any CPU.ActiveCfg = Debug|Any CPU
		{A74F8A6C-9D15-49A0-ABF8-0B105BECBD5E}.Ad-Hoc|Any CPU.Build.0 = Debug|Any CPU
		{A74F8A6C-9D15-49A0-ABF8-0B105BECBD5E}.Ad-Hoc|ARM.ActiveCfg = Debug|Any CPU
		{A74F8A6C-9D15-49A0-ABF8-0B105BECBD5E}.Ad-Hoc|ARM.Build.0 = Debug|Any CPU
		{A74F8A6C-9D15-49A0-ABF8-0B105BECBD5E}.Ad-Hoc|iPhone.ActiveCfg = Debug|Any CPU
		{A74F8A6C-9D15-49A0-ABF8-0B105BECBD5E}.Ad-Hoc|iPhone.Build.0 = Debug|Any CPU
		{A74F8A6C-9D15-49A0-ABF8-0B105BECBD5E}.Ad-Hoc|iPhoneSimulator.ActiveCfg = Debug|Any CPU
		{A74F8A6C-9D15-49A0-ABF8-0B105BECBD5E}.Ad-Hoc|iPhoneSimulator.Build.0 = Debug|Any CPU
		{A74F8A6C-9D15-49A0-ABF8-0B105BECBD5E}.Ad-Hoc|x64.ActiveCfg = Debug|Any CPU
		{A74F8A6C-9D15-49A0-ABF8-0B105BECBD5E}.Ad-Hoc|x64.Build.0 = Debug|Any CPU
		{A74F8A6C-9D15-49A0-ABF8-0B105BECBD5E}.Ad-Hoc|x86.ActiveCfg = Debug|Any CPU
		{A74F8A6C-9D15-49A0-ABF8-0B105BECBD5E}.Ad-Hoc|x86.Build.0 = Debug|Any CPU
		{A74F8A6C-9D15-49A0-ABF8-0B105BECBD5E}.AppStore|Any CPU.ActiveCfg = Debug|Any CPU
		{A74F8A6C-9D15-49A0-ABF8-0B105BECBD5E}.AppStore|Any CPU.Build.0 = Debug|Any CPU
		{A74F8A6C-9D15-49A0-ABF8-0B105BECBD5E}.AppStore|ARM.ActiveCfg = Debug|Any CPU
		{A74F8A6C-9D15-49A0-ABF8-0B105BECBD5E}.AppStore|ARM.Build.0 = Debug|Any CPU
		{A74F8A6C-9D15-49A0-ABF8-0B105BECBD5E}.AppStore|iPhone.ActiveCfg = Debug|Any CPU
		{A74F8A6C-9D15-49A0-ABF8-0B105BECBD5E}.AppStore|iPhone.Build.0 = Debug|Any CPU
		{A74F8A6C-9D15-49A0-ABF8-0B105BECBD5E}.AppStore|iPhoneSimulator.ActiveCfg = Debug|Any CPU
		{A74F8A6C-9D15-49A0-ABF8-0B105BECBD5E}.AppStore|iPhoneSimulator.Build.0 = Debug|Any CPU
		{A74F8A6C-9D15-49A0-ABF8-0B105BECBD5E}.AppStore|x64.ActiveCfg = Debug|Any CPU
		{A74F8A6C-9D15-49A0-ABF8-0B105BECBD5E}.AppStore|x64.Build.0 = Debug|Any CPU
		{A74F8A6C-9D15-49A0-ABF8-0B105BECBD5E}.AppStore|x86.ActiveCfg = Debug|Any CPU
		{A74F8A6C-9D15-49A0-ABF8-0B105BECBD5E}.AppStore|x86.Build.0 = Debug|Any CPU
		{A74F8A6C-9D15-49A0-ABF8-0B105BECBD5E}.Debug|Any CPU.ActiveCfg = Debug|Any CPU
		{A74F8A6C-9D15-49A0-ABF8-0B105BECBD5E}.Debug|Any CPU.Build.0 = Debug|Any CPU
		{A74F8A6C-9D15-49A0-ABF8-0B105BECBD5E}.Debug|ARM.ActiveCfg = Debug|Any CPU
		{A74F8A6C-9D15-49A0-ABF8-0B105BECBD5E}.Debug|ARM.Build.0 = Debug|Any CPU
		{A74F8A6C-9D15-49A0-ABF8-0B105BECBD5E}.Debug|iPhone.ActiveCfg = Debug|Any CPU
		{A74F8A6C-9D15-49A0-ABF8-0B105BECBD5E}.Debug|iPhone.Build.0 = Debug|Any CPU
		{A74F8A6C-9D15-49A0-ABF8-0B105BECBD5E}.Debug|iPhoneSimulator.ActiveCfg = Debug|Any CPU
		{A74F8A6C-9D15-49A0-ABF8-0B105BECBD5E}.Debug|iPhoneSimulator.Build.0 = Debug|Any CPU
		{A74F8A6C-9D15-49A0-ABF8-0B105BECBD5E}.Debug|x64.ActiveCfg = Debug|Any CPU
		{A74F8A6C-9D15-49A0-ABF8-0B105BECBD5E}.Debug|x64.Build.0 = Debug|Any CPU
		{A74F8A6C-9D15-49A0-ABF8-0B105BECBD5E}.Debug|x86.ActiveCfg = Debug|Any CPU
		{A74F8A6C-9D15-49A0-ABF8-0B105BECBD5E}.Debug|x86.Build.0 = Debug|Any CPU
		{A74F8A6C-9D15-49A0-ABF8-0B105BECBD5E}.Release|Any CPU.ActiveCfg = Release|Any CPU
		{A74F8A6C-9D15-49A0-ABF8-0B105BECBD5E}.Release|Any CPU.Build.0 = Release|Any CPU
		{A74F8A6C-9D15-49A0-ABF8-0B105BECBD5E}.Release|ARM.ActiveCfg = Release|Any CPU
		{A74F8A6C-9D15-49A0-ABF8-0B105BECBD5E}.Release|ARM.Build.0 = Release|Any CPU
		{A74F8A6C-9D15-49A0-ABF8-0B105BECBD5E}.Release|iPhone.ActiveCfg = Release|Any CPU
		{A74F8A6C-9D15-49A0-ABF8-0B105BECBD5E}.Release|iPhone.Build.0 = Release|Any CPU
		{A74F8A6C-9D15-49A0-ABF8-0B105BECBD5E}.Release|iPhoneSimulator.ActiveCfg = Release|Any CPU
		{A74F8A6C-9D15-49A0-ABF8-0B105BECBD5E}.Release|iPhoneSimulator.Build.0 = Release|Any CPU
		{A74F8A6C-9D15-49A0-ABF8-0B105BECBD5E}.Release|x64.ActiveCfg = Release|Any CPU
		{A74F8A6C-9D15-49A0-ABF8-0B105BECBD5E}.Release|x64.Build.0 = Release|Any CPU
		{A74F8A6C-9D15-49A0-ABF8-0B105BECBD5E}.Release|x86.ActiveCfg = Release|Any CPU
		{A74F8A6C-9D15-49A0-ABF8-0B105BECBD5E}.Release|x86.Build.0 = Release|Any CPU
	EndGlobalSection
	GlobalSection(SolutionProperties) = preSolution
		HideSolutionNode = FALSE
	EndGlobalSection
	GlobalSection(ExtensibilityGlobals) = postSolution
		SolutionGuid = {3AFF94D1-E7CC-4F5F-A9B4-2BFB8A3E2D42}
	EndGlobalSection
EndGlobal
